
Microsoft Visual Studio Solution File, Format Version 12.00
# Visual Studio Version 16
VisualStudioVersion = 16.0.29806.167
MinimumVisualStudioVersion = 15.0.26124.0
Project("{9A19103F-16F7-4668-BE54-9A1E7A4F7556}") = "TestingParkingCost", "ParkingCostCalculatorTest\TestingParkingCost.csproj", "{A9B35A59-06F6-488B-9953-AF82FC842DA6}"
EndProject
Global
	GlobalSection(SolutionConfigurationPlatforms) = preSolution
		Debug|Any CPU = Debug|Any CPU
		Debug|x64 = Debug|x64
		Debug|x86 = Debug|x86
		Release|Any CPU = Release|Any CPU
		Release|x64 = Release|x64
		Release|x86 = Release|x86
	EndGlobalSection
	GlobalSection(ProjectConfigurationPlatforms) = postSolution
		{A9B35A59-06F6-488B-9953-AF82FC842DA6}.Debug|Any CPU.ActiveCfg = Debug|Any CPU
		{A9B35A59-06F6-488B-9953-AF82FC842DA6}.Debug|Any CPU.Build.0 = Debug|Any CPU
		{A9B35A59-06F6-488B-9953-AF82FC842DA6}.Debug|x64.ActiveCfg = Debug|Any CPU
		{A9B35A59-06F6-488B-9953-AF82FC842DA6}.Debug|x64.Build.0 = Debug|Any CPU
		{A9B35A59-06F6-488B-9953-AF82FC842DA6}.Debug|x86.ActiveCfg = Debug|Any CPU
		{A9B35A59-06F6-488B-9953-AF82FC842DA6}.Debug|x86.Build.0 = Debug|Any CPU
		{A9B35A59-06F6-488B-9953-AF82FC842DA6}.Release|Any CPU.ActiveCfg = Release|Any CPU
		{A9B35A59-06F6-488B-9953-AF82FC842DA6}.Release|Any CPU.Build.0 = Release|Any CPU
		{A9B35A59-06F6-488B-9953-AF82FC842DA6}.Release|x64.ActiveCfg = Release|Any CPU
		{A9B35A59-06F6-488B-9953-AF82FC842DA6}.Release|x64.Build.0 = Release|Any CPU
		{A9B35A59-06F6-488B-9953-AF82FC842DA6}.Release|x86.ActiveCfg = Release|Any CPU
		{A9B35A59-06F6-488B-9953-AF82FC842DA6}.Release|x86.Build.0 = Release|Any CPU
	EndGlobalSection
	GlobalSection(SolutionProperties) = preSolution
		HideSolutionNode = FALSE
	EndGlobalSection
	GlobalSection(ExtensibilityGlobals) = postSolution
		SolutionGuid = {10DB9B51-92DA-4FAC-8C32-60B3DE67500F}
	EndGlobalSection
EndGlobal
